
Microsoft Visual Studio Solution File, Format Version 12.00
# Visual Studio Version 17
VisualStudioVersion = 17.4.33213.308
MinimumVisualStudioVersion = 10.0.40219.1
Project("{9A19103F-16F7-4668-BE54-9A1E7A4F7556}") = "MDD4All.Notes.DataModels", "MDD4All.Notes.DataModels\MDD4All.Notes.DataModels.csproj", "{ABBE296C-EFA7-4CD6-813A-5B15925F01BA}"
EndProject
Project("{9A19103F-16F7-4668-BE54-9A1E7A4F7556}") = "MDD4All.Notes.DataProvider.Contracts", "MDD4All.Notes.DataProvider.Contracts\MDD4All.Notes.DataProvider.Contracts.csproj", "{BE1B78DE-1DBF-484D-B880-28B4DEC0D7C1}"
EndProject
Project("{2150E333-8FDC-42A3-9474-1A3956D46DE8}") = "7_DataModels", "7_DataModels", "{3131C89A-1BF6-4457-AD94-F755ED8C2F54}"
EndProject
Project("{2150E333-8FDC-42A3-9474-1A3956D46DE8}") = "5_DataProvider", "5_DataProvider", "{F9346004-0B62-445F-98FD-947D0EC195C8}"
EndProject
Project("{2150E333-8FDC-42A3-9474-1A3956D46DE8}") = "2_Microservices", "2_Microservices", "{43395E92-A7EC-435B-8C83-540B3BE1892F}"
EndProject
Project("{2150E333-8FDC-42A3-9474-1A3956D46DE8}") = "1_Apps", "1_Apps", "{5DB1F7DD-2BF3-42BB-A3FA-3C0A4817511A}"
EndProject
Project("{9A19103F-16F7-4668-BE54-9A1E7A4F7556}") = "MDD4All.Notes.DataProvider.File", "MDD4All.Notes.DataProvider.File\MDD4All.Notes.DataProvider.File.csproj", "{5C6F2124-0238-48F7-8DAA-CFEC7EB30AC8}"
EndProject
Project("{9A19103F-16F7-4668-BE54-9A1E7A4F7556}") = "MDD4All.Notes.Microservice", "MDD4All.Notes.Microservice\MDD4All.Notes.Microservice.csproj", "{A8E94F68-1B60-4115-B054-5CE7D38789F5}"
EndProject
Project("{9A19103F-16F7-4668-BE54-9A1E7A4F7556}") = "MDD4All.Notes.Apps.NoteEditorWPF", "MDD4All.Notes.Apps.NoteEditorWPF\MDD4All.Notes.Apps.NoteEditorWPF.csproj", "{3A16BFBD-9185-40FB-997E-2130604C5238}"
EndProject
Project("{9A19103F-16F7-4668-BE54-9A1E7A4F7556}") = "MDD4All.Notes.DataProvider.Mockup", "MDD4All.Notes.DataProvider.Mockup\MDD4All.Notes.DataProvider.Mockup.csproj", "{CA0C3102-465E-4351-ADE2-FAAA988549E5}"
EndProject
Project("{2150E333-8FDC-42A3-9474-1A3956D46DE8}") = "Solution Items", "Solution Items", "{4ABCD874-7DBF-4DF9-8350-6D282E51180E}"
	ProjectSection(SolutionItems) = preProject
		..\.github\workflows\build.yml = ..\.github\workflows\build.yml
		version.txt = version.txt
	EndProjectSection
EndProject
Project("{9A19103F-16F7-4668-BE54-9A1E7A4F7556}") = "MDD4All.Notes.ViewModels", "MDD4All.Notes.ViewModels\MDD4All.Notes.ViewModels.csproj", "{ABDA1854-CECE-43F1-8822-8526638C065F}"
EndProject
Project("{2150E333-8FDC-42A3-9474-1A3956D46DE8}") = "3_ViewModels", "3_ViewModels", "{C3481B43-F865-4E1F-887B-9DEB0FBB4F13}"
EndProject
Project("{2150E333-8FDC-42A3-9474-1A3956D46DE8}") = "4_Components", "4_Components", "{47CC0B18-037B-47CD-BCE5-96BBABDF43F3}"
EndProject
Project("{9A19103F-16F7-4668-BE54-9A1E7A4F7556}") = "MDD4All.Notes.Apps.NoteEditorBlazorServer", "MDD4All.Notes.Apps.NoteEditorBlazorServer\MDD4All.Notes.Apps.NoteEditorBlazorServer.csproj", "{106EAB3A-92C6-4A5A-B77E-30CCEF0F2E13}"
EndProject
Global
	GlobalSection(SolutionConfigurationPlatforms) = preSolution
		Debug|Any CPU = Debug|Any CPU
		Debug|ARM = Debug|ARM
		Debug|ARM64 = Debug|ARM64
		Debug|x64 = Debug|x64
		Debug|x86 = Debug|x86
		Release|Any CPU = Release|Any CPU
		Release|ARM = Release|ARM
		Release|ARM64 = Release|ARM64
		Release|x64 = Release|x64
		Release|x86 = Release|x86
	EndGlobalSection
	GlobalSection(ProjectConfigurationPlatforms) = postSolution
		{ABBE296C-EFA7-4CD6-813A-5B15925F01BA}.Debug|Any CPU.ActiveCfg = Debug|Any CPU
		{ABBE296C-EFA7-4CD6-813A-5B15925F01BA}.Debug|Any CPU.Build.0 = Debug|Any CPU
		{ABBE296C-EFA7-4CD6-813A-5B15925F01BA}.Debug|ARM.ActiveCfg = Debug|Any CPU
		{ABBE296C-EFA7-4CD6-813A-5B15925F01BA}.Debug|ARM.Build.0 = Debug|Any CPU
		{ABBE296C-EFA7-4CD6-813A-5B15925F01BA}.Debug|ARM64.ActiveCfg = Debug|Any CPU
		{ABBE296C-EFA7-4CD6-813A-5B15925F01BA}.Debug|ARM64.Build.0 = Debug|Any CPU
		{ABBE296C-EFA7-4CD6-813A-5B15925F01BA}.Debug|x64.ActiveCfg = Debug|Any CPU
		{ABBE296C-EFA7-4CD6-813A-5B15925F01BA}.Debug|x64.Build.0 = Debug|Any CPU
		{ABBE296C-EFA7-4CD6-813A-5B15925F01BA}.Debug|x86.ActiveCfg = Debug|Any CPU
		{ABBE296C-EFA7-4CD6-813A-5B15925F01BA}.Debug|x86.Build.0 = Debug|Any CPU
		{ABBE296C-EFA7-4CD6-813A-5B15925F01BA}.Release|Any CPU.ActiveCfg = Release|Any CPU
		{ABBE296C-EFA7-4CD6-813A-5B15925F01BA}.Release|Any CPU.Build.0 = Release|Any CPU
		{ABBE296C-EFA7-4CD6-813A-5B15925F01BA}.Release|ARM.ActiveCfg = Release|Any CPU
		{ABBE296C-EFA7-4CD6-813A-5B15925F01BA}.Release|ARM.Build.0 = Release|Any CPU
		{ABBE296C-EFA7-4CD6-813A-5B15925F01BA}.Release|ARM64.ActiveCfg = Release|Any CPU
		{ABBE296C-EFA7-4CD6-813A-5B15925F01BA}.Release|ARM64.Build.0 = Release|Any CPU
		{ABBE296C-EFA7-4CD6-813A-5B15925F01BA}.Release|x64.ActiveCfg = Release|Any CPU
		{ABBE296C-EFA7-4CD6-813A-5B15925F01BA}.Release|x64.Build.0 = Release|Any CPU
		{ABBE296C-EFA7-4CD6-813A-5B15925F01BA}.Release|x86.ActiveCfg = Release|Any CPU
		{ABBE296C-EFA7-4CD6-813A-5B15925F01BA}.Release|x86.Build.0 = Release|Any CPU
		{BE1B78DE-1DBF-484D-B880-28B4DEC0D7C1}.Debug|Any CPU.ActiveCfg = Debug|Any CPU
		{BE1B78DE-1DBF-484D-B880-28B4DEC0D7C1}.Debug|Any CPU.Build.0 = Debug|Any CPU
		{BE1B78DE-1DBF-484D-B880-28B4DEC0D7C1}.Debug|ARM.ActiveCfg = Debug|Any CPU
		{BE1B78DE-1DBF-484D-B880-28B4DEC0D7C1}.Debug|ARM.Build.0 = Debug|Any CPU
		{BE1B78DE-1DBF-484D-B880-28B4DEC0D7C1}.Debug|ARM64.ActiveCfg = Debug|Any CPU
		{BE1B78DE-1DBF-484D-B880-28B4DEC0D7C1}.Debug|ARM64.Build.0 = Debug|Any CPU
		{BE1B78DE-1DBF-484D-B880-28B4DEC0D7C1}.Debug|x64.ActiveCfg = Debug|Any CPU
		{BE1B78DE-1DBF-484D-B880-28B4DEC0D7C1}.Debug|x64.Build.0 = Debug|Any CPU
		{BE1B78DE-1DBF-484D-B880-28B4DEC0D7C1}.Debug|x86.ActiveCfg = Debug|Any CPU
		{BE1B78DE-1DBF-484D-B880-28B4DEC0D7C1}.Debug|x86.Build.0 = Debug|Any CPU
		{BE1B78DE-1DBF-484D-B880-28B4DEC0D7C1}.Release|Any CPU.ActiveCfg = Release|Any CPU
		{BE1B78DE-1DBF-484D-B880-28B4DEC0D7C1}.Release|Any CPU.Build.0 = Release|Any CPU
		{BE1B78DE-1DBF-484D-B880-28B4DEC0D7C1}.Release|ARM.ActiveCfg = Release|Any CPU
		{BE1B78DE-1DBF-484D-B880-28B4DEC0D7C1}.Release|ARM.Build.0 = Release|Any CPU
		{BE1B78DE-1DBF-484D-B880-28B4DEC0D7C1}.Release|ARM64.ActiveCfg = Release|Any CPU
		{BE1B78DE-1DBF-484D-B880-28B4DEC0D7C1}.Release|ARM64.Build.0 = Release|Any CPU
		{BE1B78DE-1DBF-484D-B880-28B4DEC0D7C1}.Release|x64.ActiveCfg = Release|Any CPU
		{BE1B78DE-1DBF-484D-B880-28B4DEC0D7C1}.Release|x64.Build.0 = Release|Any CPU
		{BE1B78DE-1DBF-484D-B880-28B4DEC0D7C1}.Release|x86.ActiveCfg = Release|Any CPU
		{BE1B78DE-1DBF-484D-B880-28B4DEC0D7C1}.Release|x86.Build.0 = Release|Any CPU
		{5C6F2124-0238-48F7-8DAA-CFEC7EB30AC8}.Debug|Any CPU.ActiveCfg = Debug|Any CPU
		{5C6F2124-0238-48F7-8DAA-CFEC7EB30AC8}.Debug|Any CPU.Build.0 = Debug|Any CPU
		{5C6F2124-0238-48F7-8DAA-CFEC7EB30AC8}.Debug|ARM.ActiveCfg = Debug|Any CPU
		{5C6F2124-0238-48F7-8DAA-CFEC7EB30AC8}.Debug|ARM.Build.0 = Debug|Any CPU
		{5C6F2124-0238-48F7-8DAA-CFEC7EB30AC8}.Debug|ARM64.ActiveCfg = Debug|Any CPU
		{5C6F2124-0238-48F7-8DAA-CFEC7EB30AC8}.Debug|ARM64.Build.0 = Debug|Any CPU
		{5C6F2124-0238-48F7-8DAA-CFEC7EB30AC8}.Debug|x64.ActiveCfg = Debug|Any CPU
		{5C6F2124-0238-48F7-8DAA-CFEC7EB30AC8}.Debug|x64.Build.0 = Debug|Any CPU
		{5C6F2124-0238-48F7-8DAA-CFEC7EB30AC8}.Debug|x86.ActiveCfg = Debug|Any CPU
		{5C6F2124-0238-48F7-8DAA-CFEC7EB30AC8}.Debug|x86.Build.0 = Debug|Any CPU
		{5C6F2124-0238-48F7-8DAA-CFEC7EB30AC8}.Release|Any CPU.ActiveCfg = Release|Any CPU
		{5C6F2124-0238-48F7-8DAA-CFEC7EB30AC8}.Release|Any CPU.Build.0 = Release|Any CPU
		{5C6F2124-0238-48F7-8DAA-CFEC7EB30AC8}.Release|ARM.ActiveCfg = Release|Any CPU
		{5C6F2124-0238-48F7-8DAA-CFEC7EB30AC8}.Release|ARM.Build.0 = Release|Any CPU
		{5C6F2124-0238-48F7-8DAA-CFEC7EB30AC8}.Release|ARM64.ActiveCfg = Release|Any CPU
		{5C6F2124-0238-48F7-8DAA-CFEC7EB30AC8}.Release|ARM64.Build.0 = Release|Any CPU
		{5C6F2124-0238-48F7-8DAA-CFEC7EB30AC8}.Release|x64.ActiveCfg = Release|Any CPU
		{5C6F2124-0238-48F7-8DAA-CFEC7EB30AC8}.Release|x64.Build.0 = Release|Any CPU
		{5C6F2124-0238-48F7-8DAA-CFEC7EB30AC8}.Release|x86.ActiveCfg = Release|Any CPU
		{5C6F2124-0238-48F7-8DAA-CFEC7EB30AC8}.Release|x86.Build.0 = Release|Any CPU
		{A8E94F68-1B60-4115-B054-5CE7D38789F5}.Debug|Any CPU.ActiveCfg = Debug|Any CPU
		{A8E94F68-1B60-4115-B054-5CE7D38789F5}.Debug|Any CPU.Build.0 = Debug|Any CPU
		{A8E94F68-1B60-4115-B054-5CE7D38789F5}.Debug|ARM.ActiveCfg = Debug|Any CPU
		{A8E94F68-1B60-4115-B054-5CE7D38789F5}.Debug|ARM.Build.0 = Debug|Any CPU
		{A8E94F68-1B60-4115-B054-5CE7D38789F5}.Debug|ARM64.ActiveCfg = Debug|Any CPU
		{A8E94F68-1B60-4115-B054-5CE7D38789F5}.Debug|ARM64.Build.0 = Debug|Any CPU
		{A8E94F68-1B60-4115-B054-5CE7D38789F5}.Debug|x64.ActiveCfg = Debug|Any CPU
		{A8E94F68-1B60-4115-B054-5CE7D38789F5}.Debug|x64.Build.0 = Debug|Any CPU
		{A8E94F68-1B60-4115-B054-5CE7D38789F5}.Debug|x86.ActiveCfg = Debug|Any CPU
		{A8E94F68-1B60-4115-B054-5CE7D38789F5}.Debug|x86.Build.0 = Debug|Any CPU
		{A8E94F68-1B60-4115-B054-5CE7D38789F5}.Release|Any CPU.ActiveCfg = Release|Any CPU
		{A8E94F68-1B60-4115-B054-5CE7D38789F5}.Release|Any CPU.Build.0 = Release|Any CPU
		{A8E94F68-1B60-4115-B054-5CE7D38789F5}.Release|ARM.ActiveCfg = Release|Any CPU
		{A8E94F68-1B60-4115-B054-5CE7D38789F5}.Release|ARM.Build.0 = Release|Any CPU
		{A8E94F68-1B60-4115-B054-5CE7D38789F5}.Release|ARM64.ActiveCfg = Release|Any CPU
		{A8E94F68-1B60-4115-B054-5CE7D38789F5}.Release|ARM64.Build.0 = Release|Any CPU
		{A8E94F68-1B60-4115-B054-5CE7D38789F5}.Release|x64.ActiveCfg = Release|Any CPU
		{A8E94F68-1B60-4115-B054-5CE7D38789F5}.Release|x64.Build.0 = Release|Any CPU
		{A8E94F68-1B60-4115-B054-5CE7D38789F5}.Release|x86.ActiveCfg = Release|Any CPU
		{A8E94F68-1B60-4115-B054-5CE7D38789F5}.Release|x86.Build.0 = Release|Any CPU
		{3A16BFBD-9185-40FB-997E-2130604C5238}.Debug|Any CPU.ActiveCfg = Debug|Any CPU
		{3A16BFBD-9185-40FB-997E-2130604C5238}.Debug|Any CPU.Build.0 = Debug|Any CPU
		{3A16BFBD-9185-40FB-997E-2130604C5238}.Debug|ARM.ActiveCfg = Debug|Any CPU
		{3A16BFBD-9185-40FB-997E-2130604C5238}.Debug|ARM.Build.0 = Debug|Any CPU
		{3A16BFBD-9185-40FB-997E-2130604C5238}.Debug|ARM64.ActiveCfg = Debug|Any CPU
		{3A16BFBD-9185-40FB-997E-2130604C5238}.Debug|ARM64.Build.0 = Debug|Any CPU
		{3A16BFBD-9185-40FB-997E-2130604C5238}.Debug|x64.ActiveCfg = Debug|Any CPU
		{3A16BFBD-9185-40FB-997E-2130604C5238}.Debug|x64.Build.0 = Debug|Any CPU
		{3A16BFBD-9185-40FB-997E-2130604C5238}.Debug|x86.ActiveCfg = Debug|Any CPU
		{3A16BFBD-9185-40FB-997E-2130604C5238}.Debug|x86.Build.0 = Debug|Any CPU
		{3A16BFBD-9185-40FB-997E-2130604C5238}.Release|Any CPU.ActiveCfg = Release|Any CPU
		{3A16BFBD-9185-40FB-997E-2130604C5238}.Release|Any CPU.Build.0 = Release|Any CPU
		{3A16BFBD-9185-40FB-997E-2130604C5238}.Release|ARM.ActiveCfg = Release|Any CPU
		{3A16BFBD-9185-40FB-997E-2130604C5238}.Release|ARM.Build.0 = Release|Any CPU
		{3A16BFBD-9185-40FB-997E-2130604C5238}.Release|ARM64.ActiveCfg = Release|Any CPU
		{3A16BFBD-9185-40FB-997E-2130604C5238}.Release|ARM64.Build.0 = Release|Any CPU
		{3A16BFBD-9185-40FB-997E-2130604C5238}.Release|x64.ActiveCfg = Release|Any CPU
		{3A16BFBD-9185-40FB-997E-2130604C5238}.Release|x64.Build.0 = Release|Any CPU
		{3A16BFBD-9185-40FB-997E-2130604C5238}.Release|x86.ActiveCfg = Release|Any CPU
		{3A16BFBD-9185-40FB-997E-2130604C5238}.Release|x86.Build.0 = Release|Any CPU
		{CA0C3102-465E-4351-ADE2-FAAA988549E5}.Debug|Any CPU.ActiveCfg = Debug|Any CPU
		{CA0C3102-465E-4351-ADE2-FAAA988549E5}.Debug|Any CPU.Build.0 = Debug|Any CPU
		{CA0C3102-465E-4351-ADE2-FAAA988549E5}.Debug|ARM.ActiveCfg = Debug|Any CPU
		{CA0C3102-465E-4351-ADE2-FAAA988549E5}.Debug|ARM.Build.0 = Debug|Any CPU
		{CA0C3102-465E-4351-ADE2-FAAA988549E5}.Debug|ARM64.ActiveCfg = Debug|Any CPU
		{CA0C3102-465E-4351-ADE2-FAAA988549E5}.Debug|ARM64.Build.0 = Debug|Any CPU
		{CA0C3102-465E-4351-ADE2-FAAA988549E5}.Debug|x64.ActiveCfg = Debug|Any CPU
		{CA0C3102-465E-4351-ADE2-FAAA988549E5}.Debug|x64.Build.0 = Debug|Any CPU
		{CA0C3102-465E-4351-ADE2-FAAA988549E5}.Debug|x86.ActiveCfg = Debug|Any CPU
		{CA0C3102-465E-4351-ADE2-FAAA988549E5}.Debug|x86.Build.0 = Debug|Any CPU
		{CA0C3102-465E-4351-ADE2-FAAA988549E5}.Release|Any CPU.ActiveCfg = Release|Any CPU
		{CA0C3102-465E-4351-ADE2-FAAA988549E5}.Release|Any CPU.Build.0 = Release|Any CPU
		{CA0C3102-465E-4351-ADE2-FAAA988549E5}.Release|ARM.ActiveCfg = Release|Any CPU
		{CA0C3102-465E-4351-ADE2-FAAA988549E5}.Release|ARM.Build.0 = Release|Any CPU
		{CA0C3102-465E-4351-ADE2-FAAA988549E5}.Release|ARM64.ActiveCfg = Release|Any CPU
		{CA0C3102-465E-4351-ADE2-FAAA988549E5}.Release|ARM64.Build.0 = Release|Any CPU
		{CA0C3102-465E-4351-ADE2-FAAA988549E5}.Release|x64.ActiveCfg = Release|Any CPU
		{CA0C3102-465E-4351-ADE2-FAAA988549E5}.Release|x64.Build.0 = Release|Any CPU
		{CA0C3102-465E-4351-ADE2-FAAA988549E5}.Release|x86.ActiveCfg = Release|Any CPU
		{CA0C3102-465E-4351-ADE2-FAAA988549E5}.Release|x86.Build.0 = Release|Any CPU
		{ABDA1854-CECE-43F1-8822-8526638C065F}.Debug|Any CPU.ActiveCfg = Debug|Any CPU
		{ABDA1854-CECE-43F1-8822-8526638C065F}.Debug|Any CPU.Build.0 = Debug|Any CPU
		{ABDA1854-CECE-43F1-8822-8526638C065F}.Debug|ARM.ActiveCfg = Debug|Any CPU
		{ABDA1854-CECE-43F1-8822-8526638C065F}.Debug|ARM.Build.0 = Debug|Any CPU
		{ABDA1854-CECE-43F1-8822-8526638C065F}.Debug|ARM64.ActiveCfg = Debug|Any CPU
		{ABDA1854-CECE-43F1-8822-8526638C065F}.Debug|ARM64.Build.0 = Debug|Any CPU
		{ABDA1854-CECE-43F1-8822-8526638C065F}.Debug|x64.ActiveCfg = Debug|Any CPU
		{ABDA1854-CECE-43F1-8822-8526638C065F}.Debug|x64.Build.0 = Debug|Any CPU
		{ABDA1854-CECE-43F1-8822-8526638C065F}.Debug|x86.ActiveCfg = Debug|Any CPU
		{ABDA1854-CECE-43F1-8822-8526638C065F}.Debug|x86.Build.0 = Debug|Any CPU
		{ABDA1854-CECE-43F1-8822-8526638C065F}.Release|Any CPU.ActiveCfg = Release|Any CPU
		{ABDA1854-CECE-43F1-8822-8526638C065F}.Release|Any CPU.Build.0 = Release|Any CPU
		{ABDA1854-CECE-43F1-8822-8526638C065F}.Release|ARM.ActiveCfg = Release|Any CPU
		{ABDA1854-CECE-43F1-8822-8526638C065F}.Release|ARM.Build.0 = Release|Any CPU
		{ABDA1854-CECE-43F1-8822-8526638C065F}.Release|ARM64.ActiveCfg = Release|Any CPU
		{ABDA1854-CECE-43F1-8822-8526638C065F}.Release|ARM64.Build.0 = Release|Any CPU
		{ABDA1854-CECE-43F1-8822-8526638C065F}.Release|x64.ActiveCfg = Release|Any CPU
		{ABDA1854-CECE-43F1-8822-8526638C065F}.Release|x64.Build.0 = Release|Any CPU
		{ABDA1854-CECE-43F1-8822-8526638C065F}.Release|x86.ActiveCfg = Release|Any CPU
		{ABDA1854-CECE-43F1-8822-8526638C065F}.Release|x86.Build.0 = Release|Any CPU
		{106EAB3A-92C6-4A5A-B77E-30CCEF0F2E13}.Debug|Any CPU.ActiveCfg = Debug|Any CPU
		{106EAB3A-92C6-4A5A-B77E-30CCEF0F2E13}.Debug|Any CPU.Build.0 = Debug|Any CPU
		{106EAB3A-92C6-4A5A-B77E-30CCEF0F2E13}.Debug|ARM.ActiveCfg = Debug|Any CPU
		{106EAB3A-92C6-4A5A-B77E-30CCEF0F2E13}.Debug|ARM.Build.0 = Debug|Any CPU
		{106EAB3A-92C6-4A5A-B77E-30CCEF0F2E13}.Debug|ARM64.ActiveCfg = Debug|Any CPU
		{106EAB3A-92C6-4A5A-B77E-30CCEF0F2E13}.Debug|ARM64.Build.0 = Debug|Any CPU
		{106EAB3A-92C6-4A5A-B77E-30CCEF0F2E13}.Debug|x64.ActiveCfg = Debug|Any CPU
		{106EAB3A-92C6-4A5A-B77E-30CCEF0F2E13}.Debug|x64.Build.0 = Debug|Any CPU
		{106EAB3A-92C6-4A5A-B77E-30CCEF0F2E13}.Debug|x86.ActiveCfg = Debug|Any CPU
		{106EAB3A-92C6-4A5A-B77E-30CCEF0F2E13}.Debug|x86.Build.0 = Debug|Any CPU
		{106EAB3A-92C6-4A5A-B77E-30CCEF0F2E13}.Release|Any CPU.ActiveCfg = Release|Any CPU
		{106EAB3A-92C6-4A5A-B77E-30CCEF0F2E13}.Release|Any CPU.Build.0 = Release|Any CPU
		{106EAB3A-92C6-4A5A-B77E-30CCEF0F2E13}.Release|ARM.ActiveCfg = Release|Any CPU
		{106EAB3A-92C6-4A5A-B77E-30CCEF0F2E13}.Release|ARM.Build.0 = Release|Any CPU
		{106EAB3A-92C6-4A5A-B77E-30CCEF0F2E13}.Release|ARM64.ActiveCfg = Release|Any CPU
		{106EAB3A-92C6-4A5A-B77E-30CCEF0F2E13}.Release|ARM64.Build.0 = Release|Any CPU
		{106EAB3A-92C6-4A5A-B77E-30CCEF0F2E13}.Release|x64.ActiveCfg = Release|Any CPU
		{106EAB3A-92C6-4A5A-B77E-30CCEF0F2E13}.Release|x64.Build.0 = Release|Any CPU
		{106EAB3A-92C6-4A5A-B77E-30CCEF0F2E13}.Release|x86.ActiveCfg = Release|Any CPU
		{106EAB3A-92C6-4A5A-B77E-30CCEF0F2E13}.Release|x86.Build.0 = Release|Any CPU
	EndGlobalSection
	GlobalSection(SolutionProperties) = preSolution
		HideSolutionNode = FALSE
	EndGlobalSection
	GlobalSection(NestedProjects) = preSolution
		{ABBE296C-EFA7-4CD6-813A-5B15925F01BA} = {3131C89A-1BF6-4457-AD94-F755ED8C2F54}
		{BE1B78DE-1DBF-484D-B880-28B4DEC0D7C1} = {F9346004-0B62-445F-98FD-947D0EC195C8}
		{5C6F2124-0238-48F7-8DAA-CFEC7EB30AC8} = {F9346004-0B62-445F-98FD-947D0EC195C8}
		{A8E94F68-1B60-4115-B054-5CE7D38789F5} = {43395E92-A7EC-435B-8C83-540B3BE1892F}
		{3A16BFBD-9185-40FB-997E-2130604C5238} = {5DB1F7DD-2BF3-42BB-A3FA-3C0A4817511A}
		{CA0C3102-465E-4351-ADE2-FAAA988549E5} = {F9346004-0B62-445F-98FD-947D0EC195C8}
		{ABDA1854-CECE-43F1-8822-8526638C065F} = {C3481B43-F865-4E1F-887B-9DEB0FBB4F13}
		{106EAB3A-92C6-4A5A-B77E-30CCEF0F2E13} = {5DB1F7DD-2BF3-42BB-A3FA-3C0A4817511A}
	EndGlobalSection
	GlobalSection(ExtensibilityGlobals) = postSolution
		SolutionGuid = {74C87B0F-299B-435F-B0E9-3A0F3EA5E90F}
	EndGlobalSection
EndGlobal
